
Microsoft Visual Studio Solution File, Format Version 12.00
# Visual Studio Version 17
VisualStudioVersion = 17.4.33122.133
MinimumVisualStudioVersion = 10.0.40219.1
Project("{FAE04EC0-301F-11D3-BF4B-00C04F79EFBC}") = "EvaluacionContinua2", "EvaluacionContinua2.csproj", "{D1FEA86C-A46E-418C-97FC-25925B9348AA}"
EndProject
Global
	GlobalSection(SolutionConfigurationPlatforms) = preSolution
		Debug|Any CPU = Debug|Any CPU
		Release|Any CPU = Release|Any CPU
	EndGlobalSection
	GlobalSection(ProjectConfigurationPlatforms) = postSolution
		{D1FEA86C-A46E-418C-97FC-25925B9348AA}.Debug|Any CPU.ActiveCfg = Debug|Any CPU
		{D1FEA86C-A46E-418C-97FC-25925B9348AA}.Debug|Any CPU.Build.0 = Debug|Any CPU
		{D1FEA86C-A46E-418C-97FC-25925B9348AA}.Release|Any CPU.ActiveCfg = Release|Any CPU
		{D1FEA86C-A46E-418C-97FC-25925B9348AA}.Release|Any CPU.Build.0 = Release|Any CPU
	EndGlobalSection
	GlobalSection(SolutionProperties) = preSolution
		HideSolutionNode = FALSE
	EndGlobalSection
	GlobalSection(ExtensibilityGlobals) = postSolution
		SolutionGuid = {BE7224EF-106D-4E3C-8BF4-C0CDE27C0A90}
	EndGlobalSection
EndGlobal
