
Microsoft Visual Studio Solution File, Format Version 12.00
# Visual Studio Version 17
VisualStudioVersion = 17.3.32825.248
MinimumVisualStudioVersion = 10.0.40219.1
Project("{FAE04EC0-301F-11D3-BF4B-00C04F79EFBC}") = "Semana0801", "Semana0801\Semana0801.csproj", "{3AC1E99E-3D45-49CD-803F-E614E6CB7E9B}"
EndProject
Global
	GlobalSection(SolutionConfigurationPlatforms) = preSolution
		Debug|Any CPU = Debug|Any CPU
		Release|Any CPU = Release|Any CPU
	EndGlobalSection
	GlobalSection(ProjectConfigurationPlatforms) = postSolution
		{3AC1E99E-3D45-49CD-803F-E614E6CB7E9B}.Debug|Any CPU.ActiveCfg = Debug|Any CPU
		{3AC1E99E-3D45-49CD-803F-E614E6CB7E9B}.Debug|Any CPU.Build.0 = Debug|Any CPU
		{3AC1E99E-3D45-49CD-803F-E614E6CB7E9B}.Release|Any CPU.ActiveCfg = Release|Any CPU
		{3AC1E99E-3D45-49CD-803F-E614E6CB7E9B}.Release|Any CPU.Build.0 = Release|Any CPU
	EndGlobalSection
	GlobalSection(SolutionProperties) = preSolution
		HideSolutionNode = FALSE
	EndGlobalSection
	GlobalSection(ExtensibilityGlobals) = postSolution
		SolutionGuid = {D23C6A56-0EA1-4C42-9C40-435E5795F8ED}
	EndGlobalSection
EndGlobal
