
Microsoft Visual Studio Solution File, Format Version 12.00
# Visual Studio Version 17
VisualStudioVersion = 17.3.32825.248
MinimumVisualStudioVersion = 10.0.40219.1
Project("{FAE04EC0-301F-11D3-BF4B-00C04F79EFBC}") = "Semana0901", "Semana0901\Semana0901.csproj", "{74D31825-1370-4944-A054-5DCFE97A4EB5}"
EndProject
Global
	GlobalSection(SolutionConfigurationPlatforms) = preSolution
		Debug|Any CPU = Debug|Any CPU
		Release|Any CPU = Release|Any CPU
	EndGlobalSection
	GlobalSection(ProjectConfigurationPlatforms) = postSolution
		{74D31825-1370-4944-A054-5DCFE97A4EB5}.Debug|Any CPU.ActiveCfg = Debug|Any CPU
		{74D31825-1370-4944-A054-5DCFE97A4EB5}.Debug|Any CPU.Build.0 = Debug|Any CPU
		{74D31825-1370-4944-A054-5DCFE97A4EB5}.Release|Any CPU.ActiveCfg = Release|Any CPU
		{74D31825-1370-4944-A054-5DCFE97A4EB5}.Release|Any CPU.Build.0 = Release|Any CPU
	EndGlobalSection
	GlobalSection(SolutionProperties) = preSolution
		HideSolutionNode = FALSE
	EndGlobalSection
	GlobalSection(ExtensibilityGlobals) = postSolution
		SolutionGuid = {8A9B961F-8469-4A30-8DCA-CD5A529916DE}
	EndGlobalSection
EndGlobal
